
Microsoft Visual Studio Solution File, Format Version 12.00
# Visual Studio Version 17
VisualStudioVersion = 17.12.35707.178 d17.12
MinimumVisualStudioVersion = 10.0.40219.1
Project("{FAE04EC0-301F-11D3-BF4B-00C04F79EFBC}") = "NSoftTest", "NSoftTest\NSoftTest.csproj", "{537B50D6-1E92-4354-A1EE-45739EFA2FF9}"
EndProject
Project("{FAE04EC0-301F-11D3-BF4B-00C04F79EFBC}") = "Application", "Application\Application.csproj", "{BBFCF7E4-451F-4889-95CC-6EAE55EE2E70}"
EndProject
Project("{FAE04EC0-301F-11D3-BF4B-00C04F79EFBC}") = "Infrastructure", "Infrastructure\Infrastructure.csproj", "{E59BF580-FB67-413C-80FC-9882EF3E92FD}"
EndProject
Project("{FAE04EC0-301F-11D3-BF4B-00C04F79EFBC}") = "Core", "Core\Core.csproj", "{577464B6-90B1-44C4-8F7A-227A4C9D7A10}"
EndProject
Global
	GlobalSection(SolutionConfigurationPlatforms) = preSolution
		Debug|Any CPU = Debug|Any CPU
		Release|Any CPU = Release|Any CPU
	EndGlobalSection
	GlobalSection(ProjectConfigurationPlatforms) = postSolution
		{537B50D6-1E92-4354-A1EE-45739EFA2FF9}.Debug|Any CPU.ActiveCfg = Debug|Any CPU
		{537B50D6-1E92-4354-A1EE-45739EFA2FF9}.Debug|Any CPU.Build.0 = Debug|Any CPU
		{537B50D6-1E92-4354-A1EE-45739EFA2FF9}.Release|Any CPU.ActiveCfg = Release|Any CPU
		{537B50D6-1E92-4354-A1EE-45739EFA2FF9}.Release|Any CPU.Build.0 = Release|Any CPU
		{BBFCF7E4-451F-4889-95CC-6EAE55EE2E70}.Debug|Any CPU.ActiveCfg = Debug|Any CPU
		{BBFCF7E4-451F-4889-95CC-6EAE55EE2E70}.Debug|Any CPU.Build.0 = Debug|Any CPU
		{BBFCF7E4-451F-4889-95CC-6EAE55EE2E70}.Release|Any CPU.ActiveCfg = Release|Any CPU
		{BBFCF7E4-451F-4889-95CC-6EAE55EE2E70}.Release|Any CPU.Build.0 = Release|Any CPU
		{E59BF580-FB67-413C-80FC-9882EF3E92FD}.Debug|Any CPU.ActiveCfg = Debug|Any CPU
		{E59BF580-FB67-413C-80FC-9882EF3E92FD}.Debug|Any CPU.Build.0 = Debug|Any CPU
		{E59BF580-FB67-413C-80FC-9882EF3E92FD}.Release|Any CPU.ActiveCfg = Release|Any CPU
		{E59BF580-FB67-413C-80FC-9882EF3E92FD}.Release|Any CPU.Build.0 = Release|Any CPU
		{577464B6-90B1-44C4-8F7A-227A4C9D7A10}.Debug|Any CPU.ActiveCfg = Debug|Any CPU
		{577464B6-90B1-44C4-8F7A-227A4C9D7A10}.Debug|Any CPU.Build.0 = Debug|Any CPU
		{577464B6-90B1-44C4-8F7A-227A4C9D7A10}.Release|Any CPU.ActiveCfg = Release|Any CPU
		{577464B6-90B1-44C4-8F7A-227A4C9D7A10}.Release|Any CPU.Build.0 = Release|Any CPU
	EndGlobalSection
	GlobalSection(SolutionProperties) = preSolution
		HideSolutionNode = FALSE
	EndGlobalSection
EndGlobal
